// !$*UTF8*$!
{
	archiveVersion = 1;
	classes = {
	};
	objectVersion = 46;
	objects = {

/* Begin PBXBuildFile section */
		8D11072D0486CEB800E47090 /* main.m in Sources */ = {isa = PBXBuildFile; fileRef = 29B97316FDCFA39411CA2CEA /* main.m */; settings = {ATTRIBUTES = (); }; };
		8D11072F0486CEB800E47090 /* Cocoa.framework in Frameworks */ = {isa = PBXBuildFile; fileRef = 1058C7A1FEA54F0111CA2CBB /* Cocoa.framework */; };
		A40C5DAF11516B56004A9CA7 /* ThoMoNetworking.framework in Frameworks */ = {isa = PBXBuildFile; fileRef = A40C5DAE11516B56004A9CA7 /* ThoMoNetworking.framework */; };
		A40C5DB311516B84004A9CA7 /* ExampleClient.xib in Resources */ = {isa = PBXBuildFile; fileRef = A40C5DB211516B84004A9CA7 /* ExampleClient.xib */; };
		A40C5DB511516B98004A9CA7 /* ExampleServer.xib in Resources */ = {isa = PBXBuildFile; fileRef = A40C5DB411516B98004A9CA7 /* ExampleServer.xib */; };
		A40C5DB811516BC2004A9CA7 /* ExampleClient.m in Sources */ = {isa = PBXBuildFile; fileRef = A40C5DB711516BC2004A9CA7 /* ExampleClient.m */; };
		A40C5DBB11516BE4004A9CA7 /* ExampleServer.m in Sources */ = {isa = PBXBuildFile; fileRef = A40C5DBA11516BE4004A9CA7 /* ExampleServer.m */; };
		A40C5DC611516D07004A9CA7 /* ThoMoNetworking.framework in Frameworks */ = {isa = PBXBuildFile; fileRef = A40C5DAE11516B56004A9CA7 /* ThoMoNetworking.framework */; };
		A40C5EA711516DB1004A9CA7 /* main.m in Sources */ = {isa = PBXBuildFile; fileRef = 29B97316FDCFA39411CA2CEA /* main.m */; };
		A40C5EA811516DBF004A9CA7 /* Cocoa.framework in Frameworks */ = {isa = PBXBuildFile; fileRef = 1058C7A1FEA54F0111CA2CBB /* Cocoa.framework */; };
		A40C5EC611516FB6004A9CA7 /* ThoMoNetworking.framework in Copy Frameworks */ = {isa = PBXBuildFile; fileRef = A40C5DAE11516B56004A9CA7 /* ThoMoNetworking.framework */; };
		A40C5EC711516FB8004A9CA7 /* ThoMoNetworking.framework in Copy Frameworks */ = {isa = PBXBuildFile; fileRef = A40C5DAE11516B56004A9CA7 /* ThoMoNetworking.framework */; };
/* End PBXBuildFile section */

/* Begin PBXCopyFilesBuildPhase section */
		A40C5EC811516FD6004A9CA7 /* Copy Frameworks */ = {
			isa = PBXCopyFilesBuildPhase;
			buildActionMask = 2147483647;
			dstPath = "";
			dstSubfolderSpec = 10;
			files = (
				A40C5EC611516FB6004A9CA7 /* ThoMoNetworking.framework in Copy Frameworks */,
			);
			name = "Copy Frameworks";
			runOnlyForDeploymentPostprocessing = 0;
		};
		A40C5EC911516FD6004A9CA7 /* Copy Frameworks */ = {
			isa = PBXCopyFilesBuildPhase;
			buildActionMask = 2147483647;
			dstPath = "";
			dstSubfolderSpec = 10;
			files = (
				A40C5EC711516FB8004A9CA7 /* ThoMoNetworking.framework in Copy Frameworks */,
			);
			name = "Copy Frameworks";
			runOnlyForDeploymentPostprocessing = 0;
		};
/* End PBXCopyFilesBuildPhase section */

/* Begin PBXFileReference section */
		1058C7A1FEA54F0111CA2CBB /* Cocoa.framework */ = {isa = PBXFileReference; lastKnownFileType = wrapper.framework; name = Cocoa.framework; path = /System/Library/Frameworks/Cocoa.framework; sourceTree = "<absolute>"; };
		13E42FB307B3F0F600E4EEF1 /* CoreData.framework */ = {isa = PBXFileReference; lastKnownFileType = wrapper.framework; name = CoreData.framework; path = /System/Library/Frameworks/CoreData.framework; sourceTree = "<absolute>"; };
		256AC3F00F4B6AF500CF3369 /* ThoMoNetworkingExample_Prefix.pch */ = {isa = PBXFileReference; fileEncoding = 4; lastKnownFileType = sourcecode.c.h; path = ThoMoNetworkingExample_Prefix.pch; sourceTree = "<group>"; };
		29B97316FDCFA39411CA2CEA /* main.m */ = {isa = PBXFileReference; fileEncoding = 4; lastKnownFileType = sourcecode.c.objc; path = main.m; sourceTree = "<group>"; };
		29B97324FDCFA39411CA2CEA /* AppKit.framework */ = {isa = PBXFileReference; lastKnownFileType = wrapper.framework; name = AppKit.framework; path = /System/Library/Frameworks/AppKit.framework; sourceTree = "<absolute>"; };
		29B97325FDCFA39411CA2CEA /* Foundation.framework */ = {isa = PBXFileReference; lastKnownFileType = wrapper.framework; name = Foundation.framework; path = /System/Library/Frameworks/Foundation.framework; sourceTree = "<absolute>"; };
		8D1107310486CEB800E47090 /* ExampleServer-Info.plist */ = {isa = PBXFileReference; fileEncoding = 4; lastKnownFileType = text.plist.xml; path = "ExampleServer-Info.plist"; sourceTree = "<group>"; };
		8D1107320486CEB800E47090 /* ExampleServer.app */ = {isa = PBXFileReference; explicitFileType = wrapper.application; includeInIndex = 0; path = ExampleServer.app; sourceTree = BUILT_PRODUCTS_DIR; };
		A40C5D69115167B2004A9CA7 /* ExampleClient.app */ = {isa = PBXFileReference; explicitFileType = wrapper.application; includeInIndex = 0; path = ExampleClient.app; sourceTree = BUILT_PRODUCTS_DIR; };
		A40C5D6B115167B2004A9CA7 /* ExampleClient-Info.plist */ = {isa = PBXFileReference; lastKnownFileType = text.plist.xml; path = "ExampleClient-Info.plist"; sourceTree = "<group>"; };
		A40C5DAE11516B56004A9CA7 /* ThoMoNetworking.framework */ = {isa = PBXFileReference; lastKnownFileType = wrapper.framework; path = ThoMoNetworking.framework; sourceTree = "<group>"; };
		A40C5DB211516B84004A9CA7 /* ExampleClient.xib */ = {isa = PBXFileReference; lastKnownFileType = file.xib; path = ExampleClient.xib; sourceTree = "<group>"; };
		A40C5DB411516B98004A9CA7 /* ExampleServer.xib */ = {isa = PBXFileReference; lastKnownFileType = file.xib; path = ExampleServer.xib; sourceTree = "<group>"; };
		A40C5DB611516BC2004A9CA7 /* ExampleClient.h */ = {isa = PBXFileReference; fileEncoding = 4; lastKnownFileType = sourcecode.c.h; path = ExampleClient.h; sourceTree = "<group>"; };
		A40C5DB711516BC2004A9CA7 /* ExampleClient.m */ = {isa = PBXFileReference; fileEncoding = 4; lastKnownFileType = sourcecode.c.objc; path = ExampleClient.m; sourceTree = "<group>"; };
		A40C5DB911516BE4004A9CA7 /* ExampleServer.h */ = {isa = PBXFileReference; fileEncoding = 4; lastKnownFileType = sourcecode.c.h; path = ExampleServer.h; sourceTree = "<group>"; };
		A40C5DBA11516BE4004A9CA7 /* ExampleServer.m */ = {isa = PBXFileReference; fileEncoding = 4; lastKnownFileType = sourcecode.c.objc; path = ExampleServer.m; sourceTree = "<group>"; };
/* End PBXFileReference section */

/* Begin PBXFrameworksBuildPhase section */
		8D11072E0486CEB800E47090 /* Frameworks */ = {
			isa = PBXFrameworksBuildPhase;
			buildActionMask = 2147483647;
			files = (
				8D11072F0486CEB800E47090 /* Cocoa.framework in Frameworks */,
				A40C5DAF11516B56004A9CA7 /* ThoMoNetworking.framework in Frameworks */,
			);
			runOnlyForDeploymentPostprocessing = 0;
		};
		A40C5D67115167B2004A9CA7 /* Frameworks */ = {
			isa = PBXFrameworksBuildPhase;
			buildActionMask = 2147483647;
			files = (
				A40C5EA811516DBF004A9CA7 /* Cocoa.framework in Frameworks */,
				A40C5DC611516D07004A9CA7 /* ThoMoNetworking.framework in Frameworks */,
			);
			runOnlyForDeploymentPostprocessing = 0;
		};
/* End PBXFrameworksBuildPhase section */

/* Begin PBXGroup section */
		1058C7A0FEA54F0111CA2CBB /* Linked Frameworks */ = {
			isa = PBXGroup;
			children = (
				1058C7A1FEA54F0111CA2CBB /* Cocoa.framework */,
			);
			name = "Linked Frameworks";
			sourceTree = "<group>";
		};
		1058C7A2FEA54F0111CA2CBB /* Other Frameworks */ = {
			isa = PBXGroup;
			children = (
				29B97324FDCFA39411CA2CEA /* AppKit.framework */,
				13E42FB307B3F0F600E4EEF1 /* CoreData.framework */,
				29B97325FDCFA39411CA2CEA /* Foundation.framework */,
			);
			name = "Other Frameworks";
			sourceTree = "<group>";
		};
		19C28FACFE9D520D11CA2CBB /* Products */ = {
			isa = PBXGroup;
			children = (
				8D1107320486CEB800E47090 /* ExampleServer.app */,
				A40C5D69115167B2004A9CA7 /* ExampleClient.app */,
			);
			name = Products;
			sourceTree = "<group>";
		};
		29B97314FDCFA39411CA2CEA /* ThoMoNetworkingExample */ = {
			isa = PBXGroup;
			children = (
				A40C5D70115168F9004A9CA7 /* Client */,
				A40C5D6F115168F1004A9CA7 /* Server */,
				29B97315FDCFA39411CA2CEA /* Other Sources */,
				29B97317FDCFA39411CA2CEA /* Resources */,
				29B97323FDCFA39411CA2CEA /* Frameworks */,
				19C28FACFE9D520D11CA2CBB /* Products */,
			);
			name = ThoMoNetworkingExample;
			sourceTree = "<group>";
		};
		29B97315FDCFA39411CA2CEA /* Other Sources */ = {
			isa = PBXGroup;
			children = (
				256AC3F00F4B6AF500CF3369 /* ThoMoNetworkingExample_Prefix.pch */,
				29B97316FDCFA39411CA2CEA /* main.m */,
			);
			name = "Other Sources";
			sourceTree = "<group>";
		};
		29B97317FDCFA39411CA2CEA /* Resources */ = {
			isa = PBXGroup;
			children = (
				A40C5D6B115167B2004A9CA7 /* ExampleClient-Info.plist */,
				8D1107310486CEB800E47090 /* ExampleServer-Info.plist */,
			);
			name = Resources;
			sourceTree = "<group>";
		};
		29B97323FDCFA39411CA2CEA /* Frameworks */ = {
			isa = PBXGroup;
			children = (
				1058C7A0FEA54F0111CA2CBB /* Linked Frameworks */,
				1058C7A2FEA54F0111CA2CBB /* Other Frameworks */,
				A40C5DAE11516B56004A9CA7 /* ThoMoNetworking.framework */,
			);
			name = Frameworks;
			sourceTree = "<group>";
		};
		A40C5D6F115168F1004A9CA7 /* Server */ = {
			isa = PBXGroup;
			children = (
				A40C5DB411516B98004A9CA7 /* ExampleServer.xib */,
				A40C5DB911516BE4004A9CA7 /* ExampleServer.h */,
				A40C5DBA11516BE4004A9CA7 /* ExampleServer.m */,
			);
			name = Server;
			sourceTree = "<group>";
		};
		A40C5D70115168F9004A9CA7 /* Client */ = {
			isa = PBXGroup;
			children = (
				A40C5DB211516B84004A9CA7 /* ExampleClient.xib */,
				A40C5DB611516BC2004A9CA7 /* ExampleClient.h */,
				A40C5DB711516BC2004A9CA7 /* ExampleClient.m */,
			);
			name = Client;
			sourceTree = "<group>";
		};
/* End PBXGroup section */

/* Begin PBXNativeTarget section */
		8D1107260486CEB800E47090 /* ExampleServer */ = {
			isa = PBXNativeTarget;
			buildConfigurationList = C01FCF4A08A954540054247B /* Build configuration list for PBXNativeTarget "ExampleServer" */;
			buildPhases = (
				8D1107290486CEB800E47090 /* Resources */,
				8D11072C0486CEB800E47090 /* Sources */,
				8D11072E0486CEB800E47090 /* Frameworks */,
				A40C5EC811516FD6004A9CA7 /* Copy Frameworks */,
			);
			buildRules = (
			);
			dependencies = (
			);
			name = ExampleServer;
			productInstallPath = "$(HOME)/Applications";
			productName = ThoMoNetworkingExample;
			productReference = 8D1107320486CEB800E47090 /* ExampleServer.app */;
			productType = "com.apple.product-type.application";
		};
		A40C5D68115167B2004A9CA7 /* ExampleClient */ = {
			isa = PBXNativeTarget;
			buildConfigurationList = A40C5D6E115167B3004A9CA7 /* Build configuration list for PBXNativeTarget "ExampleClient" */;
			buildPhases = (
				A40C5D65115167B2004A9CA7 /* Resources */,
				A40C5D66115167B2004A9CA7 /* Sources */,
				A40C5D67115167B2004A9CA7 /* Frameworks */,
				A40C5EC911516FD6004A9CA7 /* Copy Frameworks */,
			);
			buildRules = (
			);
			dependencies = (
			);
			name = ExampleClient;
			productName = ExampleClient;
			productReference = A40C5D69115167B2004A9CA7 /* ExampleClient.app */;
			productType = "com.apple.product-type.application";
		};
/* End PBXNativeTarget section */

/* Begin PBXProject section */
		29B97313FDCFA39411CA2CEA /* Project object */ = {
			isa = PBXProject;
			buildConfigurationList = C01FCF4E08A954540054247B /* Build configuration list for PBXProject "ThoMoNetworkingExample" */;
			compatibilityVersion = "Xcode 3.2";
			hasScannedForEncodings = 1;
			mainGroup = 29B97314FDCFA39411CA2CEA /* ThoMoNetworkingExample */;
			projectDirPath = "";
			projectRoot = "";
			targets = (
				8D1107260486CEB800E47090 /* ExampleServer */,
				A40C5D68115167B2004A9CA7 /* ExampleClient */,
			);
		};
/* End PBXProject section */

/* Begin PBXResourcesBuildPhase section */
		8D1107290486CEB800E47090 /* Resources */ = {
			isa = PBXResourcesBuildPhase;
			buildActionMask = 2147483647;
			files = (
				A40C5DB511516B98004A9CA7 /* ExampleServer.xib in Resources */,
			);
			runOnlyForDeploymentPostprocessing = 0;
		};
		A40C5D65115167B2004A9CA7 /* Resources */ = {
			isa = PBXResourcesBuildPhase;
			buildActionMask = 2147483647;
			files = (
				A40C5DB311516B84004A9CA7 /* ExampleClient.xib in Resources */,
			);
			runOnlyForDeploymentPostprocessing = 0;
		};
/* End PBXResourcesBuildPhase section */

/* Begin PBXSourcesBuildPhase section */
		8D11072C0486CEB800E47090 /* Sources */ = {
			isa = PBXSourcesBuildPhase;
			buildActionMask = 2147483647;
			files = (
				8D11072D0486CEB800E47090 /* main.m in Sources */,
				A40C5DBB11516BE4004A9CA7 /* ExampleServer.m in Sources */,
			);
			runOnlyForDeploymentPostprocessing = 0;
		};
		A40C5D66115167B2004A9CA7 /* Sources */ = {
			isa = PBXSourcesBuildPhase;
			buildActionMask = 2147483647;
			files = (
				A40C5EA711516DB1004A9CA7 /* main.m in Sources */,
				A40C5DB811516BC2004A9CA7 /* ExampleClient.m in Sources */,
			);
			runOnlyForDeploymentPostprocessing = 0;
		};
/* End PBXSourcesBuildPhase section */

/* Begin XCBuildConfiguration section */
		A40C5D6C115167B3004A9CA7 /* Debug */ = {
			isa = XCBuildConfiguration;
			buildSettings = {
				ALWAYS_SEARCH_USER_PATHS = NO;
				COPY_PHASE_STRIP = NO;
				FRAMEWORK_SEARCH_PATHS = (
					"$(inherited)",
					"\"$(SRCROOT)\"",
				);
				GCC_DYNAMIC_NO_PIC = NO;
				GCC_ENABLE_FIX_AND_CONTINUE = YES;
				GCC_MODEL_TUNING = G5;
				GCC_OPTIMIZATION_LEVEL = 0;
				GCC_PRECOMPILE_PREFIX_HEADER = YES;
				GCC_PREFIX_HEADER = "$(SYSTEM_LIBRARY_DIR)/Frameworks/AppKit.framework/Headers/AppKit.h";
				INFOPLIST_FILE = "ExampleClient-Info.plist";
				INSTALL_PATH = "$(HOME)/Applications";
				OTHER_LDFLAGS = (
					"-framework",
					Foundation,
					"-framework",
					AppKit,
				);
				PREBINDING = NO;
				PRODUCT_NAME = ExampleClient;
			};
			name = Debug;
		};
		A40C5D6D115167B3004A9CA7 /* Release */ = {
			isa = XCBuildConfiguration;
			buildSettings = {
				ALWAYS_SEARCH_USER_PATHS = NO;
				COPY_PHASE_STRIP = YES;
				DEBUG_INFORMATION_FORMAT = "dwarf-with-dsym";
				FRAMEWORK_SEARCH_PATHS = (
					"$(inherited)",
					"\"$(SRCROOT)\"",
				);
				GCC_ENABLE_FIX_AND_CONTINUE = NO;
				GCC_MODEL_TUNING = G5;
				GCC_PRECOMPILE_PREFIX_HEADER = YES;
				GCC_PREFIX_HEADER = "$(SYSTEM_LIBRARY_DIR)/Frameworks/AppKit.framework/Headers/AppKit.h";
				INFOPLIST_FILE = "ExampleClient-Info.plist";
				INSTALL_PATH = "$(HOME)/Applications";
				OTHER_LDFLAGS = (
					"-framework",
					Foundation,
					"-framework",
					AppKit,
				);
				PREBINDING = NO;
				PRODUCT_NAME = ExampleClient;
				ZERO_LINK = NO;
			};
			name = Release;
		};
		C01FCF4B08A954540054247B /* Debug */ = {
			isa = XCBuildConfiguration;
			buildSettings = {
				ALWAYS_SEARCH_USER_PATHS = NO;
				COPY_PHASE_STRIP = NO;
				FRAMEWORK_SEARCH_PATHS = (
					"$(inherited)",
					"\"$(SRCROOT)\"",
				);
				GCC_DYNAMIC_NO_PIC = NO;
				GCC_ENABLE_FIX_AND_CONTINUE = YES;
				GCC_MODEL_TUNING = G5;
				GCC_OPTIMIZATION_LEVEL = 0;
				GCC_PRECOMPILE_PREFIX_HEADER = YES;
				GCC_PREFIX_HEADER = ThoMoNetworkingExample_Prefix.pch;
				INFOPLIST_FILE = "ExampleServer-Info.plist";
				INSTALL_PATH = "$(HOME)/Applications";
				PRODUCT_NAME = ExampleServer;
			};
			name = Debug;
		};
		C01FCF4C08A954540054247B /* Release */ = {
			isa = XCBuildConfiguration;
			buildSettings = {
				ALWAYS_SEARCH_USER_PATHS = NO;
				DEBUG_INFORMATION_FORMAT = "dwarf-with-dsym";
				FRAMEWORK_SEARCH_PATHS = (
					"$(inherited)",
					"\"$(SRCROOT)\"",
				);
				GCC_MODEL_TUNING = G5;
				GCC_PRECOMPILE_PREFIX_HEADER = YES;
				GCC_PREFIX_HEADER = ThoMoNetworkingExample_Prefix.pch;
				INFOPLIST_FILE = "ExampleServer-Info.plist";
				INSTALL_PATH = "$(HOME)/Applications";
				PRODUCT_NAME = ExampleServer;
			};
			name = Release;
		};
		C01FCF4F08A954540054247B /* Debug */ = {
			isa = XCBuildConfiguration;
			buildSettings = {
				ARCHS = "$(ARCHS_STANDARD_32_64_BIT)";
				GCC_C_LANGUAGE_STANDARD = gnu99;
				GCC_OPTIMIZATION_LEVEL = 0;
				GCC_WARN_ABOUT_RETURN_TYPE = YES;
				GCC_WARN_UNUSED_VARIABLE = YES;
				ONLY_ACTIVE_ARCH = YES;
				PREBINDING = NO;
				SDKROOT = macosx10.6;
			};
			name = Debug;
		};
		C01FCF5008A954540054247B /* Release */ = {
			isa = XCBuildConfiguration;
			buildSettings = {
				ARCHS = "$(ARCHS_STANDARD_32_64_BIT)";
				GCC_C_LANGUAGE_STANDARD = gnu99;
				GCC_WARN_ABOUT_RETURN_TYPE = YES;
				GCC_WARN_UNUSED_VARIABLE = YES;
				PREBINDING = NO;
				SDKROOT = macosx10.6;
			};
			name = Release;
		};
/* End XCBuildConfiguration section */

/* Begin XCConfigurationList section */
		A40C5D6E115167B3004A9CA7 /* Build configuration list for PBXNativeTarget "ExampleClient" */ = {
			isa = XCConfigurationList;
			buildConfigurations = (
				A40C5D6C115167B3004A9CA7 /* Debug */,
				A40C5D6D115167B3004A9CA7 /* Release */,
			);
			defaultConfigurationIsVisible = 0;
			defaultConfigurationName = Release;
		};
		C01FCF4A08A954540054247B /* Build configuration list for PBXNativeTarget "ExampleServer" */ = {
			isa = XCConfigurationList;
			buildConfigurations = (
				C01FCF4B08A954540054247B /* Debug */,
				C01FCF4C08A954540054247B /* Release */,
			);
			defaultConfigurationIsVisible = 0;
			defaultConfigurationName = Release;
		};
		C01FCF4E08A954540054247B /* Build configuration list for PBXProject "ThoMoNetworkingExample" */ = {
			isa = XCConfigurationList;
			buildConfigurations = (
				C01FCF4F08A954540054247B /* Debug */,
				C01FCF5008A954540054247B /* Release */,
			);
			defaultConfigurationIsVisible = 0;
			defaultConfigurationName = Release;
		};
/* End XCConfigurationList section */
	};
	rootObject = 29B97313FDCFA39411CA2CEA /* Project object */;
}
